
Microsoft Visual Studio Solution File, Format Version 12.00
# Visual Studio Version 17
VisualStudioVersion = 17.4.33213.308
MinimumVisualStudioVersion = 10.0.40219.1
Project("{FAE04EC0-301F-11D3-BF4B-00C04F79EFBC}") = "UM", "UM\UM.csproj", "{AC6A7BC6-513A-4BED-8661-22CEC026A22F}"
EndProject
Global
	GlobalSection(SolutionConfigurationPlatforms) = preSolution
		Debug|Any CPU = Debug|Any CPU
		Release|Any CPU = Release|Any CPU
	EndGlobalSection
	GlobalSection(ProjectConfigurationPlatforms) = postSolution
		{AC6A7BC6-513A-4BED-8661-22CEC026A22F}.Debug|Any CPU.ActiveCfg = Debug|Any CPU
		{AC6A7BC6-513A-4BED-8661-22CEC026A22F}.Debug|Any CPU.Build.0 = Debug|Any CPU
		{AC6A7BC6-513A-4BED-8661-22CEC026A22F}.Release|Any CPU.ActiveCfg = Release|Any CPU
		{AC6A7BC6-513A-4BED-8661-22CEC026A22F}.Release|Any CPU.Build.0 = Release|Any CPU
	EndGlobalSection
	GlobalSection(SolutionProperties) = preSolution
		HideSolutionNode = FALSE
	EndGlobalSection
	GlobalSection(ExtensibilityGlobals) = postSolution
		SolutionGuid = {88216EFA-A27D-4677-BE6C-C987EDD44919}
	EndGlobalSection
EndGlobal
